// !$*UTF8*$!
{
	archiveVersion = 1;
	classes = {
	};
	objectVersion = 55;
	objects = {

/* Begin PBXBuildFile section */
		EB781F0E27CD9CA600475235 /* AppDelegate.swift in Sources */ = {isa = PBXBuildFile; fileRef = EB781F0D27CD9CA600475235 /* AppDelegate.swift */; };
		EB781F1027CD9CA600475235 /* SceneDelegate.swift in Sources */ = {isa = PBXBuildFile; fileRef = EB781F0F27CD9CA600475235 /* SceneDelegate.swift */; };
		EB781F1227CD9CA600475235 /* ViewController.swift in Sources */ = {isa = PBXBuildFile; fileRef = EB781F1127CD9CA600475235 /* ViewController.swift */; };
		EB781F1527CD9CA600475235 /* Main.storyboard in Resources */ = {isa = PBXBuildFile; fileRef = EB781F1327CD9CA600475235 /* Main.storyboard */; };
		EB781F1727CD9CA800475235 /* Assets.xcassets in Resources */ = {isa = PBXBuildFile; fileRef = EB781F1627CD9CA800475235 /* Assets.xcassets */; };
		EB781F1A27CD9CA800475235 /* LaunchScreen.storyboard in Resources */ = {isa = PBXBuildFile; fileRef = EB781F1827CD9CA800475235 /* LaunchScreen.storyboard */; };
		EB781F2527CDA4E200475235 /* CharacterViewController.swift in Sources */ = {isa = PBXBuildFile; fileRef = EB781F2427CDA4E200475235 /* CharacterViewController.swift */; };
		EB781F2727CDA50300475235 /* SlotMachineViewController.swift in Sources */ = {isa = PBXBuildFile; fileRef = EB781F2627CDA50300475235 /* SlotMachineViewController.swift */; };
/* End PBXBuildFile section */

/* Begin PBXFileReference section */
		EB781F0A27CD9CA600475235 /* Quiz02ReviewApp.app */ = {isa = PBXFileReference; explicitFileType = wrapper.application; includeInIndex = 0; path = Quiz02ReviewApp.app; sourceTree = BUILT_PRODUCTS_DIR; };
		EB781F0D27CD9CA600475235 /* AppDelegate.swift */ = {isa = PBXFileReference; lastKnownFileType = sourcecode.swift; path = AppDelegate.swift; sourceTree = "<group>"; };
		EB781F0F27CD9CA600475235 /* SceneDelegate.swift */ = {isa = PBXFileReference; lastKnownFileType = sourcecode.swift; path = SceneDelegate.swift; sourceTree = "<group>"; };
		EB781F1127CD9CA600475235 /* ViewController.swift */ = {isa = PBXFileReference; lastKnownFileType = sourcecode.swift; path = ViewController.swift; sourceTree = "<group>"; };
		EB781F1427CD9CA600475235 /* Base */ = {isa = PBXFileReference; lastKnownFileType = file.storyboard; name = Base; path = Base.lproj/Main.storyboard; sourceTree = "<group>"; };
		EB781F1627CD9CA800475235 /* Assets.xcassets */ = {isa = PBXFileReference; lastKnownFileType = folder.assetcatalog; path = Assets.xcassets; sourceTree = "<group>"; };
		EB781F1927CD9CA800475235 /* Base */ = {isa = PBXFileReference; lastKnownFileType = file.storyboard; name = Base; path = Base.lproj/LaunchScreen.storyboard; sourceTree = "<group>"; };
		EB781F1B27CD9CA800475235 /* Info.plist */ = {isa = PBXFileReference; lastKnownFileType = text.plist.xml; path = Info.plist; sourceTree = "<group>"; };
		EB781F2427CDA4E200475235 /* CharacterViewController.swift */ = {isa = PBXFileReference; lastKnownFileType = sourcecode.swift; path = CharacterViewController.swift; sourceTree = "<group>"; };
		EB781F2627CDA50300475235 /* SlotMachineViewController.swift */ = {isa = PBXFileReference; lastKnownFileType = sourcecode.swift; path = SlotMachineViewController.swift; sourceTree = "<group>"; };
/* End PBXFileReference section */

/* Begin PBXFrameworksBuildPhase section */
		EB781F0727CD9CA600475235 /* Frameworks */ = {
			isa = PBXFrameworksBuildPhase;
			buildActionMask = 2147483647;
			files = (
			);
			runOnlyForDeploymentPostprocessing = 0;
		};
/* End PBXFrameworksBuildPhase section */

/* Begin PBXGroup section */
		EB781F0127CD9CA600475235 = {
			isa = PBXGroup;
			children = (
				EB781F0C27CD9CA600475235 /* Quiz02ReviewApp */,
				EB781F0B27CD9CA600475235 /* Products */,
			);
			sourceTree = "<group>";
		};
		EB781F0B27CD9CA600475235 /* Products */ = {
			isa = PBXGroup;
			children = (
				EB781F0A27CD9CA600475235 /* Quiz02ReviewApp.app */,
			);
			name = Products;
			sourceTree = "<group>";
		};
		EB781F0C27CD9CA600475235 /* Quiz02ReviewApp */ = {
			isa = PBXGroup;
			children = (
				EB781F2327CDA47F00475235 /* Controller */,
				EB781F2227CDA47700475235 /* View */,
				EB781F2127CDA46D00475235 /* Model */,
				EB781F0D27CD9CA600475235 /* AppDelegate.swift */,
				EB781F0F27CD9CA600475235 /* SceneDelegate.swift */,
				EB781F1127CD9CA600475235 /* ViewController.swift */,
				EB781F1327CD9CA600475235 /* Main.storyboard */,
				EB781F1627CD9CA800475235 /* Assets.xcassets */,
				EB781F1827CD9CA800475235 /* LaunchScreen.storyboard */,
				EB781F1B27CD9CA800475235 /* Info.plist */,
			);
			path = Quiz02ReviewApp;
			sourceTree = "<group>";
		};
		EB781F2127CDA46D00475235 /* Model */ = {
			isa = PBXGroup;
			children = (
			);
			path = Model;
			sourceTree = "<group>";
		};
		EB781F2227CDA47700475235 /* View */ = {
			isa = PBXGroup;
			children = (
			);
			path = View;
			sourceTree = "<group>";
		};
		EB781F2327CDA47F00475235 /* Controller */ = {
			isa = PBXGroup;
			children = (
				EB781F2427CDA4E200475235 /* CharacterViewController.swift */,
				EB781F2627CDA50300475235 /* SlotMachineViewController.swift */,
			);
			path = Controller;
			sourceTree = "<group>";
		};
/* End PBXGroup section */

/* Begin PBXNativeTarget section */
		EB781F0927CD9CA600475235 /* Quiz02ReviewApp */ = {
			isa = PBXNativeTarget;
			buildConfigurationList = EB781F1E27CD9CA800475235 /* Build configuration list for PBXNativeTarget "Quiz02ReviewApp" */;
			buildPhases = (
				EB781F0627CD9CA600475235 /* Sources */,
				EB781F0727CD9CA600475235 /* Frameworks */,
				EB781F0827CD9CA600475235 /* Resources */,
			);
			buildRules = (
			);
			dependencies = (
			);
			name = Quiz02ReviewApp;
			productName = Quiz02ReviewApp;
			productReference = EB781F0A27CD9CA600475235 /* Quiz02ReviewApp.app */;
			productType = "com.apple.product-type.application";
		};
/* End PBXNativeTarget section */

/* Begin PBXProject section */
		EB781F0227CD9CA600475235 /* Project object */ = {
			isa = PBXProject;
			attributes = {
				BuildIndependentTargetsInParallel = 1;
				LastSwiftUpdateCheck = 1320;
				LastUpgradeCheck = 1320;
				TargetAttributes = {
					EB781F0927CD9CA600475235 = {
						CreatedOnToolsVersion = 13.2.1;
					};
				};
			};
			buildConfigurationList = EB781F0527CD9CA600475235 /* Build configuration list for PBXProject "Quiz02ReviewApp" */;
			compatibilityVersion = "Xcode 13.0";
			developmentRegion = en;
			hasScannedForEncodings = 0;
			knownRegions = (
				en,
				Base,
			);
			mainGroup = EB781F0127CD9CA600475235;
			productRefGroup = EB781F0B27CD9CA600475235 /* Products */;
			projectDirPath = "";
			projectRoot = "";
			targets = (
				EB781F0927CD9CA600475235 /* Quiz02ReviewApp */,
			);
		};
/* End PBXProject section */

/* Begin PBXResourcesBuildPhase section */
		EB781F0827CD9CA600475235 /* Resources */ = {
			isa = PBXResourcesBuildPhase;
			buildActionMask = 2147483647;
			files = (
				EB781F1A27CD9CA800475235 /* LaunchScreen.storyboard in Resources */,
				EB781F1727CD9CA800475235 /* Assets.xcassets in Resources */,
				EB781F1527CD9CA600475235 /* Main.storyboard in Resources */,
			);
			runOnlyForDeploymentPostprocessing = 0;
		};
/* End PBXResourcesBuildPhase section */

/* Begin PBXSourcesBuildPhase section */
		EB781F0627CD9CA600475235 /* Sources */ = {
			isa = PBXSourcesBuildPhase;
			buildActionMask = 2147483647;
			files = (
				EB781F2527CDA4E200475235 /* CharacterViewController.swift in Sources */,
				EB781F1227CD9CA600475235 /* ViewController.swift in Sources */,
				EB781F0E27CD9CA600475235 /* AppDelegate.swift in Sources */,
				EB781F1027CD9CA600475235 /* SceneDelegate.swift in Sources */,
				EB781F2727CDA50300475235 /* SlotMachineViewController.swift in Sources */,
			);
			runOnlyForDeploymentPostprocessing = 0;
		};
/* End PBXSourcesBuildPhase section */

/* Begin PBXVariantGroup section */
		EB781F1327CD9CA600475235 /* Main.storyboard */ = {
			isa = PBXVariantGroup;
			children = (
				EB781F1427CD9CA600475235 /* Base */,
			);
			name = Main.storyboard;
			sourceTree = "<group>";
		};
		EB781F1827CD9CA800475235 /* LaunchScreen.storyboard */ = {
			isa = PBXVariantGroup;
			children = (
				EB781F1927CD9CA800475235 /* Base */,
			);
			name = LaunchScreen.storyboard;
			sourceTree = "<group>";
		};
/* End PBXVariantGroup section */

/* Begin XCBuildConfiguration section */
		EB781F1C27CD9CA800475235 /* Debug */ = {
			isa = XCBuildConfiguration;
			buildSettings = {
				ALWAYS_SEARCH_USER_PATHS = NO;
				CLANG_ANALYZER_NONNULL = YES;
				CLANG_ANALYZER_NUMBER_OBJECT_CONVERSION = YES_AGGRESSIVE;
				CLANG_CXX_LANGUAGE_STANDARD = "gnu++17";
				CLANG_CXX_LIBRARY = "libc++";
				CLANG_ENABLE_MODULES = YES;
				CLANG_ENABLE_OBJC_ARC = YES;
				CLANG_ENABLE_OBJC_WEAK = YES;
				CLANG_WARN_BLOCK_CAPTURE_AUTORELEASING = YES;
				CLANG_WARN_BOOL_CONVERSION = YES;
				CLANG_WARN_COMMA = YES;
				CLANG_WARN_CONSTANT_CONVERSION = YES;
				CLANG_WARN_DEPRECATED_OBJC_IMPLEMENTATIONS = YES;
				CLANG_WARN_DIRECT_OBJC_ISA_USAGE = YES_ERROR;
				CLANG_WARN_DOCUMENTATION_COMMENTS = YES;
				CLANG_WARN_EMPTY_BODY = YES;
				CLANG_WARN_ENUM_CONVERSION = YES;
				CLANG_WARN_INFINITE_RECURSION = YES;
				CLANG_WARN_INT_CONVERSION = YES;
				CLANG_WARN_NON_LITERAL_NULL_CONVERSION = YES;
				CLANG_WARN_OBJC_IMPLICIT_RETAIN_SELF = YES;
				CLANG_WARN_OBJC_LITERAL_CONVERSION = YES;
				CLANG_WARN_OBJC_ROOT_CLASS = YES_ERROR;
				CLANG_WARN_QUOTED_INCLUDE_IN_FRAMEWORK_HEADER = YES;
				CLANG_WARN_RANGE_LOOP_ANALYSIS = YES;
				CLANG_WARN_STRICT_PROTOTYPES = YES;
				CLANG_WARN_SUSPICIOUS_MOVE = YES;
				CLANG_WARN_UNGUARDED_AVAILABILITY = YES_AGGRESSIVE;
				CLANG_WARN_UNREACHABLE_CODE = YES;
				CLANG_WARN__DUPLICATE_METHOD_MATCH = YES;
				COPY_PHASE_STRIP = NO;
				DEBUG_INFORMATION_FORMAT = dwarf;
				ENABLE_STRICT_OBJC_MSGSEND = YES;
				ENABLE_TESTABILITY = YES;
				GCC_C_LANGUAGE_STANDARD = gnu11;
				GCC_DYNAMIC_NO_PIC = NO;
				GCC_NO_COMMON_BLOCKS = YES;
				GCC_OPTIMIZATION_LEVEL = 0;
				GCC_PREPROCESSOR_DEFINITIONS = (
					"DEBUG=1",
					"$(inherited)",
				);
				GCC_WARN_64_TO_32_BIT_CONVERSION = YES;
				GCC_WARN_ABOUT_RETURN_TYPE = YES_ERROR;
				GCC_WARN_UNDECLARED_SELECTOR = YES;
				GCC_WARN_UNINITIALIZED_AUTOS = YES_AGGRESSIVE;
				GCC_WARN_UNUSED_FUNCTION = YES;
				GCC_WARN_UNUSED_VARIABLE = YES;
				IPHONEOS_DEPLOYMENT_TARGET = 15.2;
				MTL_ENABLE_DEBUG_INFO = INCLUDE_SOURCE;
				MTL_FAST_MATH = YES;
				ONLY_ACTIVE_ARCH = YES;
				SDKROOT = iphoneos;
				SWIFT_ACTIVE_COMPILATION_CONDITIONS = DEBUG;
				SWIFT_OPTIMIZATION_LEVEL = "-Onone";
			};
			name = Debug;
		};
		EB781F1D27CD9CA800475235 /* Release */ = {
			isa = XCBuildConfiguration;
			buildSettings = {
				ALWAYS_SEARCH_USER_PATHS = NO;
				CLANG_ANALYZER_NONNULL = YES;
				CLANG_ANALYZER_NUMBER_OBJECT_CONVERSION = YES_AGGRESSIVE;
				CLANG_CXX_LANGUAGE_STANDARD = "gnu++17";
				CLANG_CXX_LIBRARY = "libc++";
				CLANG_ENABLE_MODULES = YES;
				CLANG_ENABLE_OBJC_ARC = YES;
				CLANG_ENABLE_OBJC_WEAK = YES;
				CLANG_WARN_BLOCK_CAPTURE_AUTORELEASING = YES;
				CLANG_WARN_BOOL_CONVERSION = YES;
				CLANG_WARN_COMMA = YES;
				CLANG_WARN_CONSTANT_CONVERSION = YES;
				CLANG_WARN_DEPRECATED_OBJC_IMPLEMENTATIONS = YES;
				CLANG_WARN_DIRECT_OBJC_ISA_USAGE = YES_ERROR;
				CLANG_WARN_DOCUMENTATION_COMMENTS = YES;
				CLANG_WARN_EMPTY_BODY = YES;
				CLANG_WARN_ENUM_CONVERSION = YES;
				CLANG_WARN_INFINITE_RECURSION = YES;
				CLANG_WARN_INT_CONVERSION = YES;
				CLANG_WARN_NON_LITERAL_NULL_CONVERSION = YES;
				CLANG_WARN_OBJC_IMPLICIT_RETAIN_SELF = YES;
				CLANG_WARN_OBJC_LITERAL_CONVERSION = YES;
				CLANG_WARN_OBJC_ROOT_CLASS = YES_ERROR;
				CLANG_WARN_QUOTED_INCLUDE_IN_FRAMEWORK_HEADER = YES;
				CLANG_WARN_RANGE_LOOP_ANALYSIS = YES;
				CLANG_WARN_STRICT_PROTOTYPES = YES;
				CLANG_WARN_SUSPICIOUS_MOVE = YES;
				CLANG_WARN_UNGUARDED_AVAILABILITY = YES_AGGRESSIVE;
				CLANG_WARN_UNREACHABLE_CODE = YES;
				CLANG_WARN__DUPLICATE_METHOD_MATCH = YES;
				COPY_PHASE_STRIP = NO;
				DEBUG_INFORMATION_FORMAT = "dwarf-with-dsym";
				ENABLE_NS_ASSERTIONS = NO;
				ENABLE_STRICT_OBJC_MSGSEND = YES;
				GCC_C_LANGUAGE_STANDARD = gnu11;
				GCC_NO_COMMON_BLOCKS = YES;
				GCC_WARN_64_TO_32_BIT_CONVERSION = YES;
				GCC_WARN_ABOUT_RETURN_TYPE = YES_ERROR;
				GCC_WARN_UNDECLARED_SELECTOR = YES;
				GCC_WARN_UNINITIALIZED_AUTOS = YES_AGGRESSIVE;
				GCC_WARN_UNUSED_FUNCTION = YES;
				GCC_WARN_UNUSED_VARIABLE = YES;
				IPHONEOS_DEPLOYMENT_TARGET = 15.2;
				MTL_ENABLE_DEBUG_INFO = NO;
				MTL_FAST_MATH = YES;
				SDKROOT = iphoneos;
				SWIFT_COMPILATION_MODE = wholemodule;
				SWIFT_OPTIMIZATION_LEVEL = "-O";
				VALIDATE_PRODUCT = YES;
			};
			name = Release;
		};
		EB781F1F27CD9CA800475235 /* Debug */ = {
			isa = XCBuildConfiguration;
			buildSettings = {
				ASSETCATALOG_COMPILER_APPICON_NAME = AppIcon;
				ASSETCATALOG_COMPILER_GLOBAL_ACCENT_COLOR_NAME = AccentColor;
				CODE_SIGN_STYLE = Automatic;
				CURRENT_PROJECT_VERSION = 1;
				GENERATE_INFOPLIST_FILE = YES;
				INFOPLIST_FILE = Quiz02ReviewApp/Info.plist;
				INFOPLIST_KEY_UIApplicationSupportsIndirectInputEvents = YES;
				INFOPLIST_KEY_UILaunchStoryboardName = LaunchScreen;
				INFOPLIST_KEY_UIMainStoryboardFile = Main;
				INFOPLIST_KEY_UISupportedInterfaceOrientations_iPad = "UIInterfaceOrientationPortrait UIInterfaceOrientationPortraitUpsideDown UIInterfaceOrientationLandscapeLeft UIInterfaceOrientationLandscapeRight";
				INFOPLIST_KEY_UISupportedInterfaceOrientations_iPhone = "UIInterfaceOrientationPortrait UIInterfaceOrientationLandscapeLeft UIInterfaceOrientationLandscapeRight";
				LD_RUNPATH_SEARCH_PATHS = (
					"$(inherited)",
					"@executable_path/Frameworks",
				);
				MARKETING_VERSION = 1.0;
				PRODUCT_BUNDLE_IDENTIFIER = ca.nait.dmit.cpsc1519.Quiz02ReviewApp;
				PRODUCT_NAME = "$(TARGET_NAME)";
				SWIFT_EMIT_LOC_STRINGS = YES;
				SWIFT_VERSION = 5.0;
				TARGETED_DEVICE_FAMILY = "1,2";
			};
			name = Debug;
		};
		EB781F2027CD9CA800475235 /* Release */ = {
			isa = XCBuildConfiguration;
			buildSettings = {
				ASSETCATALOG_COMPILER_APPICON_NAME = AppIcon;
				ASSETCATALOG_COMPILER_GLOBAL_ACCENT_COLOR_NAME = AccentColor;
				CODE_SIGN_STYLE = Automatic;
				CURRENT_PROJECT_VERSION = 1;
				GENERATE_INFOPLIST_FILE = YES;
				INFOPLIST_FILE = Quiz02ReviewApp/Info.plist;
				INFOPLIST_KEY_UIApplicationSupportsIndirectInputEvents = YES;
				INFOPLIST_KEY_UILaunchStoryboardName = LaunchScreen;
				INFOPLIST_KEY_UIMainStoryboardFile = Main;
				INFOPLIST_KEY_UISupportedInterfaceOrientations_iPad = "UIInterfaceOrientationPortrait UIInterfaceOrientationPortraitUpsideDown UIInterfaceOrientationLandscapeLeft UIInterfaceOrientationLandscapeRight";
				INFOPLIST_KEY_UISupportedInterfaceOrientations_iPhone = "UIInterfaceOrientationPortrait UIInterfaceOrientationLandscapeLeft UIInterfaceOrientationLandscapeRight";
				LD_RUNPATH_SEARCH_PATHS = (
					"$(inherited)",
					"@executable_path/Frameworks",
				);
				MARKETING_VERSION = 1.0;
				PRODUCT_BUNDLE_IDENTIFIER = ca.nait.dmit.cpsc1519.Quiz02ReviewApp;
				PRODUCT_NAME = "$(TARGET_NAME)";
				SWIFT_EMIT_LOC_STRINGS = YES;
				SWIFT_VERSION = 5.0;
				TARGETED_DEVICE_FAMILY = "1,2";
			};
			name = Release;
		};
/* End XCBuildConfiguration section */

/* Begin XCConfigurationList section */
		EB781F0527CD9CA600475235 /* Build configuration list for PBXProject "Quiz02ReviewApp" */ = {
			isa = XCConfigurationList;
			buildConfigurations = (
				EB781F1C27CD9CA800475235 /* Debug */,
				EB781F1D27CD9CA800475235 /* Release */,
			);
			defaultConfigurationIsVisible = 0;
			defaultConfigurationName = Release;
		};
		EB781F1E27CD9CA800475235 /* Build configuration list for PBXNativeTarget "Quiz02ReviewApp" */ = {
			isa = XCConfigurationList;
			buildConfigurations = (
				EB781F1F27CD9CA800475235 /* Debug */,
				EB781F2027CD9CA800475235 /* Release */,
			);
			defaultConfigurationIsVisible = 0;
			defaultConfigurationName = Release;
		};
/* End XCConfigurationList section */
	};
	rootObject = EB781F0227CD9CA600475235 /* Project object */;
}
