// !$*UTF8*$!
{
	archiveVersion = 1;
	classes = {
	};
	objectVersion = 55;
	objects = {

/* Begin PBXBuildFile section */
		EBAAB28127EE81AA003D00A7 /* AppDelegate.swift in Sources */ = {isa = PBXBuildFile; fileRef = EBAAB28027EE81AA003D00A7 /* AppDelegate.swift */; };
		EBAAB28327EE81AA003D00A7 /* SceneDelegate.swift in Sources */ = {isa = PBXBuildFile; fileRef = EBAAB28227EE81AA003D00A7 /* SceneDelegate.swift */; };
		EBAAB28527EE81AA003D00A7 /* ViewController.swift in Sources */ = {isa = PBXBuildFile; fileRef = EBAAB28427EE81AA003D00A7 /* ViewController.swift */; };
		EBAAB28827EE81AA003D00A7 /* Main.storyboard in Resources */ = {isa = PBXBuildFile; fileRef = EBAAB28627EE81AA003D00A7 /* Main.storyboard */; };
		EBAAB28A27EE81AB003D00A7 /* Assets.xcassets in Resources */ = {isa = PBXBuildFile; fileRef = EBAAB28927EE81AB003D00A7 /* Assets.xcassets */; };
		EBAAB28D27EE81AB003D00A7 /* LaunchScreen.storyboard in Resources */ = {isa = PBXBuildFile; fileRef = EBAAB28B27EE81AB003D00A7 /* LaunchScreen.storyboard */; };
		EBAAB29627EE8372003D00A7 /* TrackTableViewController.swift in Sources */ = {isa = PBXBuildFile; fileRef = EBAAB29527EE8372003D00A7 /* TrackTableViewController.swift */; };
		EBAAB29927EE83AE003D00A7 /* TrackTableViewCell.swift in Sources */ = {isa = PBXBuildFile; fileRef = EBAAB29827EE83AE003D00A7 /* TrackTableViewCell.swift */; };
/* End PBXBuildFile section */

/* Begin PBXFileReference section */
		EBAAB27D27EE81AA003D00A7 /* PR_Quiz3_practice.app */ = {isa = PBXFileReference; explicitFileType = wrapper.application; includeInIndex = 0; path = PR_Quiz3_practice.app; sourceTree = BUILT_PRODUCTS_DIR; };
		EBAAB28027EE81AA003D00A7 /* AppDelegate.swift */ = {isa = PBXFileReference; lastKnownFileType = sourcecode.swift; path = AppDelegate.swift; sourceTree = "<group>"; };
		EBAAB28227EE81AA003D00A7 /* SceneDelegate.swift */ = {isa = PBXFileReference; lastKnownFileType = sourcecode.swift; path = SceneDelegate.swift; sourceTree = "<group>"; };
		EBAAB28427EE81AA003D00A7 /* ViewController.swift */ = {isa = PBXFileReference; lastKnownFileType = sourcecode.swift; path = ViewController.swift; sourceTree = "<group>"; };
		EBAAB28727EE81AA003D00A7 /* Base */ = {isa = PBXFileReference; lastKnownFileType = file.storyboard; name = Base; path = Base.lproj/Main.storyboard; sourceTree = "<group>"; };
		EBAAB28927EE81AB003D00A7 /* Assets.xcassets */ = {isa = PBXFileReference; lastKnownFileType = folder.assetcatalog; path = Assets.xcassets; sourceTree = "<group>"; };
		EBAAB28C27EE81AB003D00A7 /* Base */ = {isa = PBXFileReference; lastKnownFileType = file.storyboard; name = Base; path = Base.lproj/LaunchScreen.storyboard; sourceTree = "<group>"; };
		EBAAB28E27EE81AB003D00A7 /* Info.plist */ = {isa = PBXFileReference; lastKnownFileType = text.plist.xml; path = Info.plist; sourceTree = "<group>"; };
		EBAAB29527EE8372003D00A7 /* TrackTableViewController.swift */ = {isa = PBXFileReference; lastKnownFileType = sourcecode.swift; path = TrackTableViewController.swift; sourceTree = "<group>"; };
		EBAAB29827EE83AE003D00A7 /* TrackTableViewCell.swift */ = {isa = PBXFileReference; lastKnownFileType = sourcecode.swift; path = TrackTableViewCell.swift; sourceTree = "<group>"; };
/* End PBXFileReference section */

/* Begin PBXFrameworksBuildPhase section */
		EBAAB27A27EE81AA003D00A7 /* Frameworks */ = {
			isa = PBXFrameworksBuildPhase;
			buildActionMask = 2147483647;
			files = (
			);
			runOnlyForDeploymentPostprocessing = 0;
		};
/* End PBXFrameworksBuildPhase section */

/* Begin PBXGroup section */
		EBAAB27427EE81AA003D00A7 = {
			isa = PBXGroup;
			children = (
				EBAAB27F27EE81AA003D00A7 /* PR_Quiz3_practice */,
				EBAAB27E27EE81AA003D00A7 /* Products */,
			);
			sourceTree = "<group>";
		};
		EBAAB27E27EE81AA003D00A7 /* Products */ = {
			isa = PBXGroup;
			children = (
				EBAAB27D27EE81AA003D00A7 /* PR_Quiz3_practice.app */,
			);
			name = Products;
			sourceTree = "<group>";
		};
		EBAAB27F27EE81AA003D00A7 /* PR_Quiz3_practice */ = {
			isa = PBXGroup;
			children = (
				EBAAB29727EE8378003D00A7 /* View */,
				EBAAB29427EE8326003D00A7 /* Controller */,
				EBAAB28027EE81AA003D00A7 /* AppDelegate.swift */,
				EBAAB28227EE81AA003D00A7 /* SceneDelegate.swift */,
				EBAAB28427EE81AA003D00A7 /* ViewController.swift */,
				EBAAB28627EE81AA003D00A7 /* Main.storyboard */,
				EBAAB28927EE81AB003D00A7 /* Assets.xcassets */,
				EBAAB28B27EE81AB003D00A7 /* LaunchScreen.storyboard */,
				EBAAB28E27EE81AB003D00A7 /* Info.plist */,
			);
			path = PR_Quiz3_practice;
			sourceTree = "<group>";
		};
		EBAAB29427EE8326003D00A7 /* Controller */ = {
			isa = PBXGroup;
			children = (
				EBAAB29527EE8372003D00A7 /* TrackTableViewController.swift */,
			);
			path = Controller;
			sourceTree = "<group>";
		};
		EBAAB29727EE8378003D00A7 /* View */ = {
			isa = PBXGroup;
			children = (
				EBAAB29827EE83AE003D00A7 /* TrackTableViewCell.swift */,
			);
			path = View;
			sourceTree = "<group>";
		};
/* End PBXGroup section */

/* Begin PBXNativeTarget section */
		EBAAB27C27EE81AA003D00A7 /* PR_Quiz3_practice */ = {
			isa = PBXNativeTarget;
			buildConfigurationList = EBAAB29127EE81AB003D00A7 /* Build configuration list for PBXNativeTarget "PR_Quiz3_practice" */;
			buildPhases = (
				EBAAB27927EE81AA003D00A7 /* Sources */,
				EBAAB27A27EE81AA003D00A7 /* Frameworks */,
				EBAAB27B27EE81AA003D00A7 /* Resources */,
			);
			buildRules = (
			);
			dependencies = (
			);
			name = PR_Quiz3_practice;
			productName = PR_Quiz3_practice;
			productReference = EBAAB27D27EE81AA003D00A7 /* PR_Quiz3_practice.app */;
			productType = "com.apple.product-type.application";
		};
/* End PBXNativeTarget section */

/* Begin PBXProject section */
		EBAAB27527EE81AA003D00A7 /* Project object */ = {
			isa = PBXProject;
			attributes = {
				BuildIndependentTargetsInParallel = 1;
				LastSwiftUpdateCheck = 1320;
				LastUpgradeCheck = 1320;
				TargetAttributes = {
					EBAAB27C27EE81AA003D00A7 = {
						CreatedOnToolsVersion = 13.2.1;
					};
				};
			};
			buildConfigurationList = EBAAB27827EE81AA003D00A7 /* Build configuration list for PBXProject "PR_Quiz3_practice" */;
			compatibilityVersion = "Xcode 13.0";
			developmentRegion = en;
			hasScannedForEncodings = 0;
			knownRegions = (
				en,
				Base,
			);
			mainGroup = EBAAB27427EE81AA003D00A7;
			productRefGroup = EBAAB27E27EE81AA003D00A7 /* Products */;
			projectDirPath = "";
			projectRoot = "";
			targets = (
				EBAAB27C27EE81AA003D00A7 /* PR_Quiz3_practice */,
			);
		};
/* End PBXProject section */

/* Begin PBXResourcesBuildPhase section */
		EBAAB27B27EE81AA003D00A7 /* Resources */ = {
			isa = PBXResourcesBuildPhase;
			buildActionMask = 2147483647;
			files = (
				EBAAB28D27EE81AB003D00A7 /* LaunchScreen.storyboard in Resources */,
				EBAAB28A27EE81AB003D00A7 /* Assets.xcassets in Resources */,
				EBAAB28827EE81AA003D00A7 /* Main.storyboard in Resources */,
			);
			runOnlyForDeploymentPostprocessing = 0;
		};
/* End PBXResourcesBuildPhase section */

/* Begin PBXSourcesBuildPhase section */
		EBAAB27927EE81AA003D00A7 /* Sources */ = {
			isa = PBXSourcesBuildPhase;
			buildActionMask = 2147483647;
			files = (
				EBAAB29927EE83AE003D00A7 /* TrackTableViewCell.swift in Sources */,
				EBAAB28527EE81AA003D00A7 /* ViewController.swift in Sources */,
				EBAAB29627EE8372003D00A7 /* TrackTableViewController.swift in Sources */,
				EBAAB28127EE81AA003D00A7 /* AppDelegate.swift in Sources */,
				EBAAB28327EE81AA003D00A7 /* SceneDelegate.swift in Sources */,
			);
			runOnlyForDeploymentPostprocessing = 0;
		};
/* End PBXSourcesBuildPhase section */

/* Begin PBXVariantGroup section */
		EBAAB28627EE81AA003D00A7 /* Main.storyboard */ = {
			isa = PBXVariantGroup;
			children = (
				EBAAB28727EE81AA003D00A7 /* Base */,
			);
			name = Main.storyboard;
			sourceTree = "<group>";
		};
		EBAAB28B27EE81AB003D00A7 /* LaunchScreen.storyboard */ = {
			isa = PBXVariantGroup;
			children = (
				EBAAB28C27EE81AB003D00A7 /* Base */,
			);
			name = LaunchScreen.storyboard;
			sourceTree = "<group>";
		};
/* End PBXVariantGroup section */

/* Begin XCBuildConfiguration section */
		EBAAB28F27EE81AB003D00A7 /* Debug */ = {
			isa = XCBuildConfiguration;
			buildSettings = {
				ALWAYS_SEARCH_USER_PATHS = NO;
				CLANG_ANALYZER_NONNULL = YES;
				CLANG_ANALYZER_NUMBER_OBJECT_CONVERSION = YES_AGGRESSIVE;
				CLANG_CXX_LANGUAGE_STANDARD = "gnu++17";
				CLANG_CXX_LIBRARY = "libc++";
				CLANG_ENABLE_MODULES = YES;
				CLANG_ENABLE_OBJC_ARC = YES;
				CLANG_ENABLE_OBJC_WEAK = YES;
				CLANG_WARN_BLOCK_CAPTURE_AUTORELEASING = YES;
				CLANG_WARN_BOOL_CONVERSION = YES;
				CLANG_WARN_COMMA = YES;
				CLANG_WARN_CONSTANT_CONVERSION = YES;
				CLANG_WARN_DEPRECATED_OBJC_IMPLEMENTATIONS = YES;
				CLANG_WARN_DIRECT_OBJC_ISA_USAGE = YES_ERROR;
				CLANG_WARN_DOCUMENTATION_COMMENTS = YES;
				CLANG_WARN_EMPTY_BODY = YES;
				CLANG_WARN_ENUM_CONVERSION = YES;
				CLANG_WARN_INFINITE_RECURSION = YES;
				CLANG_WARN_INT_CONVERSION = YES;
				CLANG_WARN_NON_LITERAL_NULL_CONVERSION = YES;
				CLANG_WARN_OBJC_IMPLICIT_RETAIN_SELF = YES;
				CLANG_WARN_OBJC_LITERAL_CONVERSION = YES;
				CLANG_WARN_OBJC_ROOT_CLASS = YES_ERROR;
				CLANG_WARN_QUOTED_INCLUDE_IN_FRAMEWORK_HEADER = YES;
				CLANG_WARN_RANGE_LOOP_ANALYSIS = YES;
				CLANG_WARN_STRICT_PROTOTYPES = YES;
				CLANG_WARN_SUSPICIOUS_MOVE = YES;
				CLANG_WARN_UNGUARDED_AVAILABILITY = YES_AGGRESSIVE;
				CLANG_WARN_UNREACHABLE_CODE = YES;
				CLANG_WARN__DUPLICATE_METHOD_MATCH = YES;
				COPY_PHASE_STRIP = NO;
				DEBUG_INFORMATION_FORMAT = dwarf;
				ENABLE_STRICT_OBJC_MSGSEND = YES;
				ENABLE_TESTABILITY = YES;
				GCC_C_LANGUAGE_STANDARD = gnu11;
				GCC_DYNAMIC_NO_PIC = NO;
				GCC_NO_COMMON_BLOCKS = YES;
				GCC_OPTIMIZATION_LEVEL = 0;
				GCC_PREPROCESSOR_DEFINITIONS = (
					"DEBUG=1",
					"$(inherited)",
				);
				GCC_WARN_64_TO_32_BIT_CONVERSION = YES;
				GCC_WARN_ABOUT_RETURN_TYPE = YES_ERROR;
				GCC_WARN_UNDECLARED_SELECTOR = YES;
				GCC_WARN_UNINITIALIZED_AUTOS = YES_AGGRESSIVE;
				GCC_WARN_UNUSED_FUNCTION = YES;
				GCC_WARN_UNUSED_VARIABLE = YES;
				IPHONEOS_DEPLOYMENT_TARGET = 15.2;
				MTL_ENABLE_DEBUG_INFO = INCLUDE_SOURCE;
				MTL_FAST_MATH = YES;
				ONLY_ACTIVE_ARCH = YES;
				SDKROOT = iphoneos;
				SWIFT_ACTIVE_COMPILATION_CONDITIONS = DEBUG;
				SWIFT_OPTIMIZATION_LEVEL = "-Onone";
			};
			name = Debug;
		};
		EBAAB29027EE81AB003D00A7 /* Release */ = {
			isa = XCBuildConfiguration;
			buildSettings = {
				ALWAYS_SEARCH_USER_PATHS = NO;
				CLANG_ANALYZER_NONNULL = YES;
				CLANG_ANALYZER_NUMBER_OBJECT_CONVERSION = YES_AGGRESSIVE;
				CLANG_CXX_LANGUAGE_STANDARD = "gnu++17";
				CLANG_CXX_LIBRARY = "libc++";
				CLANG_ENABLE_MODULES = YES;
				CLANG_ENABLE_OBJC_ARC = YES;
				CLANG_ENABLE_OBJC_WEAK = YES;
				CLANG_WARN_BLOCK_CAPTURE_AUTORELEASING = YES;
				CLANG_WARN_BOOL_CONVERSION = YES;
				CLANG_WARN_COMMA = YES;
				CLANG_WARN_CONSTANT_CONVERSION = YES;
				CLANG_WARN_DEPRECATED_OBJC_IMPLEMENTATIONS = YES;
				CLANG_WARN_DIRECT_OBJC_ISA_USAGE = YES_ERROR;
				CLANG_WARN_DOCUMENTATION_COMMENTS = YES;
				CLANG_WARN_EMPTY_BODY = YES;
				CLANG_WARN_ENUM_CONVERSION = YES;
				CLANG_WARN_INFINITE_RECURSION = YES;
				CLANG_WARN_INT_CONVERSION = YES;
				CLANG_WARN_NON_LITERAL_NULL_CONVERSION = YES;
				CLANG_WARN_OBJC_IMPLICIT_RETAIN_SELF = YES;
				CLANG_WARN_OBJC_LITERAL_CONVERSION = YES;
				CLANG_WARN_OBJC_ROOT_CLASS = YES_ERROR;
				CLANG_WARN_QUOTED_INCLUDE_IN_FRAMEWORK_HEADER = YES;
				CLANG_WARN_RANGE_LOOP_ANALYSIS = YES;
				CLANG_WARN_STRICT_PROTOTYPES = YES;
				CLANG_WARN_SUSPICIOUS_MOVE = YES;
				CLANG_WARN_UNGUARDED_AVAILABILITY = YES_AGGRESSIVE;
				CLANG_WARN_UNREACHABLE_CODE = YES;
				CLANG_WARN__DUPLICATE_METHOD_MATCH = YES;
				COPY_PHASE_STRIP = NO;
				DEBUG_INFORMATION_FORMAT = "dwarf-with-dsym";
				ENABLE_NS_ASSERTIONS = NO;
				ENABLE_STRICT_OBJC_MSGSEND = YES;
				GCC_C_LANGUAGE_STANDARD = gnu11;
				GCC_NO_COMMON_BLOCKS = YES;
				GCC_WARN_64_TO_32_BIT_CONVERSION = YES;
				GCC_WARN_ABOUT_RETURN_TYPE = YES_ERROR;
				GCC_WARN_UNDECLARED_SELECTOR = YES;
				GCC_WARN_UNINITIALIZED_AUTOS = YES_AGGRESSIVE;
				GCC_WARN_UNUSED_FUNCTION = YES;
				GCC_WARN_UNUSED_VARIABLE = YES;
				IPHONEOS_DEPLOYMENT_TARGET = 15.2;
				MTL_ENABLE_DEBUG_INFO = NO;
				MTL_FAST_MATH = YES;
				SDKROOT = iphoneos;
				SWIFT_COMPILATION_MODE = wholemodule;
				SWIFT_OPTIMIZATION_LEVEL = "-O";
				VALIDATE_PRODUCT = YES;
			};
			name = Release;
		};
		EBAAB29227EE81AB003D00A7 /* Debug */ = {
			isa = XCBuildConfiguration;
			buildSettings = {
				ASSETCATALOG_COMPILER_APPICON_NAME = AppIcon;
				ASSETCATALOG_COMPILER_GLOBAL_ACCENT_COLOR_NAME = AccentColor;
				CODE_SIGN_STYLE = Automatic;
				CURRENT_PROJECT_VERSION = 1;
				GENERATE_INFOPLIST_FILE = YES;
				INFOPLIST_FILE = PR_Quiz3_practice/Info.plist;
				INFOPLIST_KEY_UIApplicationSupportsIndirectInputEvents = YES;
				INFOPLIST_KEY_UILaunchStoryboardName = LaunchScreen;
				INFOPLIST_KEY_UIMainStoryboardFile = Main;
				INFOPLIST_KEY_UISupportedInterfaceOrientations_iPad = "UIInterfaceOrientationPortrait UIInterfaceOrientationPortraitUpsideDown UIInterfaceOrientationLandscapeLeft UIInterfaceOrientationLandscapeRight";
				INFOPLIST_KEY_UISupportedInterfaceOrientations_iPhone = "UIInterfaceOrientationPortrait UIInterfaceOrientationLandscapeLeft UIInterfaceOrientationLandscapeRight";
				LD_RUNPATH_SEARCH_PATHS = (
					"$(inherited)",
					"@executable_path/Frameworks",
				);
				MARKETING_VERSION = 1.0;
				PRODUCT_BUNDLE_IDENTIFIER = "ca.nait.dmit.cpsc1519.PR-Quiz3-practice";
				PRODUCT_NAME = "$(TARGET_NAME)";
				SWIFT_EMIT_LOC_STRINGS = YES;
				SWIFT_VERSION = 5.0;
				TARGETED_DEVICE_FAMILY = "1,2";
			};
			name = Debug;
		};
		EBAAB29327EE81AB003D00A7 /* Release */ = {
			isa = XCBuildConfiguration;
			buildSettings = {
				ASSETCATALOG_COMPILER_APPICON_NAME = AppIcon;
				ASSETCATALOG_COMPILER_GLOBAL_ACCENT_COLOR_NAME = AccentColor;
				CODE_SIGN_STYLE = Automatic;
				CURRENT_PROJECT_VERSION = 1;
				GENERATE_INFOPLIST_FILE = YES;
				INFOPLIST_FILE = PR_Quiz3_practice/Info.plist;
				INFOPLIST_KEY_UIApplicationSupportsIndirectInputEvents = YES;
				INFOPLIST_KEY_UILaunchStoryboardName = LaunchScreen;
				INFOPLIST_KEY_UIMainStoryboardFile = Main;
				INFOPLIST_KEY_UISupportedInterfaceOrientations_iPad = "UIInterfaceOrientationPortrait UIInterfaceOrientationPortraitUpsideDown UIInterfaceOrientationLandscapeLeft UIInterfaceOrientationLandscapeRight";
				INFOPLIST_KEY_UISupportedInterfaceOrientations_iPhone = "UIInterfaceOrientationPortrait UIInterfaceOrientationLandscapeLeft UIInterfaceOrientationLandscapeRight";
				LD_RUNPATH_SEARCH_PATHS = (
					"$(inherited)",
					"@executable_path/Frameworks",
				);
				MARKETING_VERSION = 1.0;
				PRODUCT_BUNDLE_IDENTIFIER = "ca.nait.dmit.cpsc1519.PR-Quiz3-practice";
				PRODUCT_NAME = "$(TARGET_NAME)";
				SWIFT_EMIT_LOC_STRINGS = YES;
				SWIFT_VERSION = 5.0;
				TARGETED_DEVICE_FAMILY = "1,2";
			};
			name = Release;
		};
/* End XCBuildConfiguration section */

/* Begin XCConfigurationList section */
		EBAAB27827EE81AA003D00A7 /* Build configuration list for PBXProject "PR_Quiz3_practice" */ = {
			isa = XCConfigurationList;
			buildConfigurations = (
				EBAAB28F27EE81AB003D00A7 /* Debug */,
				EBAAB29027EE81AB003D00A7 /* Release */,
			);
			defaultConfigurationIsVisible = 0;
			defaultConfigurationName = Release;
		};
		EBAAB29127EE81AB003D00A7 /* Build configuration list for PBXNativeTarget "PR_Quiz3_practice" */ = {
			isa = XCConfigurationList;
			buildConfigurations = (
				EBAAB29227EE81AB003D00A7 /* Debug */,
				EBAAB29327EE81AB003D00A7 /* Release */,
			);
			defaultConfigurationIsVisible = 0;
			defaultConfigurationName = Release;
		};
/* End XCConfigurationList section */
	};
	rootObject = EBAAB27527EE81AA003D00A7 /* Project object */;
}
